
Microsoft Visual Studio Solution File, Format Version 12.00
# Visual Studio 15
VisualStudioVersion = 15.0.27004.2005
MinimumVisualStudioVersion = 10.0.40219.1
Project("{FAE04EC0-301F-11D3-BF4B-00C04F79EFBC}") = "OnePiece.App", "OnePiece.App\OnePiece.App\OnePiece.App.csproj", "{C94274B6-34CF-4CA5-AA1D-DBF93F67E6DD}"
EndProject
Project("{FAE04EC0-301F-11D3-BF4B-00C04F79EFBC}") = "OnePiece.App.Droid", "OnePiece.App\OnePiece.App.Droid\OnePiece.App.Droid.csproj", "{9FFED15D-00FF-4E77-96A9-45E39F2FFEF6}"
EndProject
Project("{FAE04EC0-301F-11D3-BF4B-00C04F79EFBC}") = "OnePiece.App.iOS", "OnePiece.App\OnePiece.App.iOS\OnePiece.App.iOS.csproj", "{112745A2-BC31-4395-8FA0-BB8ACA3B31F5}"
EndProject
Project("{9A19103F-16F7-4668-BE54-9A1E7A4F7556}") = "OnePiece.Web", "OnePiece.Web\OnePiece.Web.csproj", "{44A807F0-866A-44AA-A14E-FDC90111474C}"
EndProject
Project("{2150E333-8FDC-42A3-9474-1A3956D46DE8}") = "App", "App", "{229FF06B-B128-4E3A-B1C2-CF87CCCA21F8}"
EndProject
Project("{2150E333-8FDC-42A3-9474-1A3956D46DE8}") = "Web", "Web", "{2E2CBAED-8AA9-4BE4-8215-4F266601843F}"
EndProject
Project("{2150E333-8FDC-42A3-9474-1A3956D46DE8}") = "Tools", "Tools", "{D257589D-40A6-4CB6-89BD-78FBCCE9E308}"
EndProject
Project("{9A19103F-16F7-4668-BE54-9A1E7A4F7556}") = "Onepiece.DataCollector", "Onepiece.DataCollector\Onepiece.DataCollector.csproj", "{2868B9FE-E453-4CDA-92D0-CF7E6811013F}"
EndProject
Project("{FAE04EC0-301F-11D3-BF4B-00C04F79EFBC}") = "Onepiece.VideoCollector", "Onepiece.VideoCollector\Onepiece.VideoCollector.csproj", "{04668EB2-BDEE-4E65-B56B-A1EE92CFFE3D}"
EndProject
Global
	GlobalSection(SolutionConfigurationPlatforms) = preSolution
		Ad-Hoc|Any CPU = Ad-Hoc|Any CPU
		Ad-Hoc|ARM = Ad-Hoc|ARM
		Ad-Hoc|iPhone = Ad-Hoc|iPhone
		Ad-Hoc|iPhoneSimulator = Ad-Hoc|iPhoneSimulator
		Ad-Hoc|x64 = Ad-Hoc|x64
		Ad-Hoc|x86 = Ad-Hoc|x86
		AppStore|Any CPU = AppStore|Any CPU
		AppStore|ARM = AppStore|ARM
		AppStore|iPhone = AppStore|iPhone
		AppStore|iPhoneSimulator = AppStore|iPhoneSimulator
		AppStore|x64 = AppStore|x64
		AppStore|x86 = AppStore|x86
		Debug|Any CPU = Debug|Any CPU
		Debug|ARM = Debug|ARM
		Debug|iPhone = Debug|iPhone
		Debug|iPhoneSimulator = Debug|iPhoneSimulator
		Debug|x64 = Debug|x64
		Debug|x86 = Debug|x86
		Release|Any CPU = Release|Any CPU
		Release|ARM = Release|ARM
		Release|iPhone = Release|iPhone
		Release|iPhoneSimulator = Release|iPhoneSimulator
		Release|x64 = Release|x64
		Release|x86 = Release|x86
	EndGlobalSection
	GlobalSection(ProjectConfigurationPlatforms) = postSolution
		{C94274B6-34CF-4CA5-AA1D-DBF93F67E6DD}.Ad-Hoc|Any CPU.ActiveCfg = Release|Any CPU
		{C94274B6-34CF-4CA5-AA1D-DBF93F67E6DD}.Ad-Hoc|Any CPU.Build.0 = Release|Any CPU
		{C94274B6-34CF-4CA5-AA1D-DBF93F67E6DD}.Ad-Hoc|ARM.ActiveCfg = Release|Any CPU
		{C94274B6-34CF-4CA5-AA1D-DBF93F67E6DD}.Ad-Hoc|ARM.Build.0 = Release|Any CPU
		{C94274B6-34CF-4CA5-AA1D-DBF93F67E6DD}.Ad-Hoc|iPhone.ActiveCfg = Release|Any CPU
		{C94274B6-34CF-4CA5-AA1D-DBF93F67E6DD}.Ad-Hoc|iPhone.Build.0 = Release|Any CPU
		{C94274B6-34CF-4CA5-AA1D-DBF93F67E6DD}.Ad-Hoc|iPhoneSimulator.ActiveCfg = Release|Any CPU
		{C94274B6-34CF-4CA5-AA1D-DBF93F67E6DD}.Ad-Hoc|iPhoneSimulator.Build.0 = Release|Any CPU
		{C94274B6-34CF-4CA5-AA1D-DBF93F67E6DD}.Ad-Hoc|x64.ActiveCfg = Release|Any CPU
		{C94274B6-34CF-4CA5-AA1D-DBF93F67E6DD}.Ad-Hoc|x64.Build.0 = Release|Any CPU
		{C94274B6-34CF-4CA5-AA1D-DBF93F67E6DD}.Ad-Hoc|x86.ActiveCfg = Release|Any CPU
		{C94274B6-34CF-4CA5-AA1D-DBF93F67E6DD}.Ad-Hoc|x86.Build.0 = Release|Any CPU
		{C94274B6-34CF-4CA5-AA1D-DBF93F67E6DD}.AppStore|Any CPU.ActiveCfg = Release|Any CPU
		{C94274B6-34CF-4CA5-AA1D-DBF93F67E6DD}.AppStore|Any CPU.Build.0 = Release|Any CPU
		{C94274B6-34CF-4CA5-AA1D-DBF93F67E6DD}.AppStore|ARM.ActiveCfg = Release|Any CPU
		{C94274B6-34CF-4CA5-AA1D-DBF93F67E6DD}.AppStore|ARM.Build.0 = Release|Any CPU
		{C94274B6-34CF-4CA5-AA1D-DBF93F67E6DD}.AppStore|iPhone.ActiveCfg = Release|Any CPU
		{C94274B6-34CF-4CA5-AA1D-DBF93F67E6DD}.AppStore|iPhone.Build.0 = Release|Any CPU
		{C94274B6-34CF-4CA5-AA1D-DBF93F67E6DD}.AppStore|iPhoneSimulator.ActiveCfg = Release|Any CPU
		{C94274B6-34CF-4CA5-AA1D-DBF93F67E6DD}.AppStore|iPhoneSimulator.Build.0 = Release|Any CPU
		{C94274B6-34CF-4CA5-AA1D-DBF93F67E6DD}.AppStore|x64.ActiveCfg = Release|Any CPU
		{C94274B6-34CF-4CA5-AA1D-DBF93F67E6DD}.AppStore|x64.Build.0 = Release|Any CPU
		{C94274B6-34CF-4CA5-AA1D-DBF93F67E6DD}.AppStore|x86.ActiveCfg = Release|Any CPU
		{C94274B6-34CF-4CA5-AA1D-DBF93F67E6DD}.AppStore|x86.Build.0 = Release|Any CPU
		{C94274B6-34CF-4CA5-AA1D-DBF93F67E6DD}.Debug|Any CPU.ActiveCfg = Debug|Any CPU
		{C94274B6-34CF-4CA5-AA1D-DBF93F67E6DD}.Debug|Any CPU.Build.0 = Debug|Any CPU
		{C94274B6-34CF-4CA5-AA1D-DBF93F67E6DD}.Debug|ARM.ActiveCfg = Debug|Any CPU
		{C94274B6-34CF-4CA5-AA1D-DBF93F67E6DD}.Debug|ARM.Build.0 = Debug|Any CPU
		{C94274B6-34CF-4CA5-AA1D-DBF93F67E6DD}.Debug|iPhone.ActiveCfg = Debug|Any CPU
		{C94274B6-34CF-4CA5-AA1D-DBF93F67E6DD}.Debug|iPhone.Build.0 = Debug|Any CPU
		{C94274B6-34CF-4CA5-AA1D-DBF93F67E6DD}.Debug|iPhoneSimulator.ActiveCfg = Debug|Any CPU
		{C94274B6-34CF-4CA5-AA1D-DBF93F67E6DD}.Debug|iPhoneSimulator.Build.0 = Debug|Any CPU
		{C94274B6-34CF-4CA5-AA1D-DBF93F67E6DD}.Debug|x64.ActiveCfg = Debug|Any CPU
		{C94274B6-34CF-4CA5-AA1D-DBF93F67E6DD}.Debug|x64.Build.0 = Debug|Any CPU
		{C94274B6-34CF-4CA5-AA1D-DBF93F67E6DD}.Debug|x86.ActiveCfg = Debug|Any CPU
		{C94274B6-34CF-4CA5-AA1D-DBF93F67E6DD}.Debug|x86.Build.0 = Debug|Any CPU
		{C94274B6-34CF-4CA5-AA1D-DBF93F67E6DD}.Release|Any CPU.ActiveCfg = Release|Any CPU
		{C94274B6-34CF-4CA5-AA1D-DBF93F67E6DD}.Release|Any CPU.Build.0 = Release|Any CPU
		{C94274B6-34CF-4CA5-AA1D-DBF93F67E6DD}.Release|ARM.ActiveCfg = Release|Any CPU
		{C94274B6-34CF-4CA5-AA1D-DBF93F67E6DD}.Release|ARM.Build.0 = Release|Any CPU
		{C94274B6-34CF-4CA5-AA1D-DBF93F67E6DD}.Release|iPhone.ActiveCfg = Release|Any CPU
		{C94274B6-34CF-4CA5-AA1D-DBF93F67E6DD}.Release|iPhone.Build.0 = Release|Any CPU
		{C94274B6-34CF-4CA5-AA1D-DBF93F67E6DD}.Release|iPhoneSimulator.ActiveCfg = Release|Any CPU
		{C94274B6-34CF-4CA5-AA1D-DBF93F67E6DD}.Release|iPhoneSimulator.Build.0 = Release|Any CPU
		{C94274B6-34CF-4CA5-AA1D-DBF93F67E6DD}.Release|x64.ActiveCfg = Release|Any CPU
		{C94274B6-34CF-4CA5-AA1D-DBF93F67E6DD}.Release|x64.Build.0 = Release|Any CPU
		{C94274B6-34CF-4CA5-AA1D-DBF93F67E6DD}.Release|x86.ActiveCfg = Release|Any CPU
		{C94274B6-34CF-4CA5-AA1D-DBF93F67E6DD}.Release|x86.Build.0 = Release|Any CPU
		{9FFED15D-00FF-4E77-96A9-45E39F2FFEF6}.Ad-Hoc|Any CPU.ActiveCfg = Release|Any CPU
		{9FFED15D-00FF-4E77-96A9-45E39F2FFEF6}.Ad-Hoc|Any CPU.Build.0 = Release|Any CPU
		{9FFED15D-00FF-4E77-96A9-45E39F2FFEF6}.Ad-Hoc|Any CPU.Deploy.0 = Release|Any CPU
		{9FFED15D-00FF-4E77-96A9-45E39F2FFEF6}.Ad-Hoc|ARM.ActiveCfg = Release|Any CPU
		{9FFED15D-00FF-4E77-96A9-45E39F2FFEF6}.Ad-Hoc|ARM.Build.0 = Release|Any CPU
		{9FFED15D-00FF-4E77-96A9-45E39F2FFEF6}.Ad-Hoc|ARM.Deploy.0 = Release|Any CPU
		{9FFED15D-00FF-4E77-96A9-45E39F2FFEF6}.Ad-Hoc|iPhone.ActiveCfg = Release|Any CPU
		{9FFED15D-00FF-4E77-96A9-45E39F2FFEF6}.Ad-Hoc|iPhone.Build.0 = Release|Any CPU
		{9FFED15D-00FF-4E77-96A9-45E39F2FFEF6}.Ad-Hoc|iPhone.Deploy.0 = Release|Any CPU
		{9FFED15D-00FF-4E77-96A9-45E39F2FFEF6}.Ad-Hoc|iPhoneSimulator.ActiveCfg = Release|Any CPU
		{9FFED15D-00FF-4E77-96A9-45E39F2FFEF6}.Ad-Hoc|iPhoneSimulator.Build.0 = Release|Any CPU
		{9FFED15D-00FF-4E77-96A9-45E39F2FFEF6}.Ad-Hoc|iPhoneSimulator.Deploy.0 = Release|Any CPU
		{9FFED15D-00FF-4E77-96A9-45E39F2FFEF6}.Ad-Hoc|x64.ActiveCfg = Release|Any CPU
		{9FFED15D-00FF-4E77-96A9-45E39F2FFEF6}.Ad-Hoc|x64.Build.0 = Release|Any CPU
		{9FFED15D-00FF-4E77-96A9-45E39F2FFEF6}.Ad-Hoc|x64.Deploy.0 = Release|Any CPU
		{9FFED15D-00FF-4E77-96A9-45E39F2FFEF6}.Ad-Hoc|x86.ActiveCfg = Release|Any CPU
		{9FFED15D-00FF-4E77-96A9-45E39F2FFEF6}.Ad-Hoc|x86.Build.0 = Release|Any CPU
		{9FFED15D-00FF-4E77-96A9-45E39F2FFEF6}.Ad-Hoc|x86.Deploy.0 = Release|Any CPU
		{9FFED15D-00FF-4E77-96A9-45E39F2FFEF6}.AppStore|Any CPU.ActiveCfg = Release|Any CPU
		{9FFED15D-00FF-4E77-96A9-45E39F2FFEF6}.AppStore|Any CPU.Build.0 = Release|Any CPU
		{9FFED15D-00FF-4E77-96A9-45E39F2FFEF6}.AppStore|Any CPU.Deploy.0 = Release|Any CPU
		{9FFED15D-00FF-4E77-96A9-45E39F2FFEF6}.AppStore|ARM.ActiveCfg = Release|Any CPU
		{9FFED15D-00FF-4E77-96A9-45E39F2FFEF6}.AppStore|ARM.Build.0 = Release|Any CPU
		{9FFED15D-00FF-4E77-96A9-45E39F2FFEF6}.AppStore|ARM.Deploy.0 = Release|Any CPU
		{9FFED15D-00FF-4E77-96A9-45E39F2FFEF6}.AppStore|iPhone.ActiveCfg = Release|Any CPU
		{9FFED15D-00FF-4E77-96A9-45E39F2FFEF6}.AppStore|iPhone.Build.0 = Release|Any CPU
		{9FFED15D-00FF-4E77-96A9-45E39F2FFEF6}.AppStore|iPhone.Deploy.0 = Release|Any CPU
		{9FFED15D-00FF-4E77-96A9-45E39F2FFEF6}.AppStore|iPhoneSimulator.ActiveCfg = Release|Any CPU
		{9FFED15D-00FF-4E77-96A9-45E39F2FFEF6}.AppStore|iPhoneSimulator.Build.0 = Release|Any CPU
		{9FFED15D-00FF-4E77-96A9-45E39F2FFEF6}.AppStore|iPhoneSimulator.Deploy.0 = Release|Any CPU
		{9FFED15D-00FF-4E77-96A9-45E39F2FFEF6}.AppStore|x64.ActiveCfg = Release|Any CPU
		{9FFED15D-00FF-4E77-96A9-45E39F2FFEF6}.AppStore|x64.Build.0 = Release|Any CPU
		{9FFED15D-00FF-4E77-96A9-45E39F2FFEF6}.AppStore|x64.Deploy.0 = Release|Any CPU
		{9FFED15D-00FF-4E77-96A9-45E39F2FFEF6}.AppStore|x86.ActiveCfg = Release|Any CPU
		{9FFED15D-00FF-4E77-96A9-45E39F2FFEF6}.AppStore|x86.Build.0 = Release|Any CPU
		{9FFED15D-00FF-4E77-96A9-45E39F2FFEF6}.AppStore|x86.Deploy.0 = Release|Any CPU
		{9FFED15D-00FF-4E77-96A9-45E39F2FFEF6}.Debug|Any CPU.ActiveCfg = Debug|Any CPU
		{9FFED15D-00FF-4E77-96A9-45E39F2FFEF6}.Debug|Any CPU.Build.0 = Debug|Any CPU
		{9FFED15D-00FF-4E77-96A9-45E39F2FFEF6}.Debug|Any CPU.Deploy.0 = Debug|Any CPU
		{9FFED15D-00FF-4E77-96A9-45E39F2FFEF6}.Debug|ARM.ActiveCfg = Debug|Any CPU
		{9FFED15D-00FF-4E77-96A9-45E39F2FFEF6}.Debug|ARM.Build.0 = Debug|Any CPU
		{9FFED15D-00FF-4E77-96A9-45E39F2FFEF6}.Debug|ARM.Deploy.0 = Debug|Any CPU
		{9FFED15D-00FF-4E77-96A9-45E39F2FFEF6}.Debug|iPhone.ActiveCfg = Debug|Any CPU
		{9FFED15D-00FF-4E77-96A9-45E39F2FFEF6}.Debug|iPhone.Build.0 = Debug|Any CPU
		{9FFED15D-00FF-4E77-96A9-45E39F2FFEF6}.Debug|iPhone.Deploy.0 = Debug|Any CPU
		{9FFED15D-00FF-4E77-96A9-45E39F2FFEF6}.Debug|iPhoneSimulator.ActiveCfg = Debug|Any CPU
		{9FFED15D-00FF-4E77-96A9-45E39F2FFEF6}.Debug|iPhoneSimulator.Build.0 = Debug|Any CPU
		{9FFED15D-00FF-4E77-96A9-45E39F2FFEF6}.Debug|iPhoneSimulator.Deploy.0 = Debug|Any CPU
		{9FFED15D-00FF-4E77-96A9-45E39F2FFEF6}.Debug|x64.ActiveCfg = Debug|Any CPU
		{9FFED15D-00FF-4E77-96A9-45E39F2FFEF6}.Debug|x64.Build.0 = Debug|Any CPU
		{9FFED15D-00FF-4E77-96A9-45E39F2FFEF6}.Debug|x64.Deploy.0 = Debug|Any CPU
		{9FFED15D-00FF-4E77-96A9-45E39F2FFEF6}.Debug|x86.ActiveCfg = Debug|Any CPU
		{9FFED15D-00FF-4E77-96A9-45E39F2FFEF6}.Debug|x86.Build.0 = Debug|Any CPU
		{9FFED15D-00FF-4E77-96A9-45E39F2FFEF6}.Debug|x86.Deploy.0 = Debug|Any CPU
		{9FFED15D-00FF-4E77-96A9-45E39F2FFEF6}.Release|Any CPU.ActiveCfg = Release|Any CPU
		{9FFED15D-00FF-4E77-96A9-45E39F2FFEF6}.Release|Any CPU.Build.0 = Release|Any CPU
		{9FFED15D-00FF-4E77-96A9-45E39F2FFEF6}.Release|Any CPU.Deploy.0 = Release|Any CPU
		{9FFED15D-00FF-4E77-96A9-45E39F2FFEF6}.Release|ARM.ActiveCfg = Release|Any CPU
		{9FFED15D-00FF-4E77-96A9-45E39F2FFEF6}.Release|ARM.Build.0 = Release|Any CPU
		{9FFED15D-00FF-4E77-96A9-45E39F2FFEF6}.Release|ARM.Deploy.0 = Release|Any CPU
		{9FFED15D-00FF-4E77-96A9-45E39F2FFEF6}.Release|iPhone.ActiveCfg = Release|Any CPU
		{9FFED15D-00FF-4E77-96A9-45E39F2FFEF6}.Release|iPhone.Build.0 = Release|Any CPU
		{9FFED15D-00FF-4E77-96A9-45E39F2FFEF6}.Release|iPhone.Deploy.0 = Release|Any CPU
		{9FFED15D-00FF-4E77-96A9-45E39F2FFEF6}.Release|iPhoneSimulator.ActiveCfg = Release|Any CPU
		{9FFED15D-00FF-4E77-96A9-45E39F2FFEF6}.Release|iPhoneSimulator.Build.0 = Release|Any CPU
		{9FFED15D-00FF-4E77-96A9-45E39F2FFEF6}.Release|iPhoneSimulator.Deploy.0 = Release|Any CPU
		{9FFED15D-00FF-4E77-96A9-45E39F2FFEF6}.Release|x64.ActiveCfg = Release|Any CPU
		{9FFED15D-00FF-4E77-96A9-45E39F2FFEF6}.Release|x64.Build.0 = Release|Any CPU
		{9FFED15D-00FF-4E77-96A9-45E39F2FFEF6}.Release|x64.Deploy.0 = Release|Any CPU
		{9FFED15D-00FF-4E77-96A9-45E39F2FFEF6}.Release|x86.ActiveCfg = Release|Any CPU
		{9FFED15D-00FF-4E77-96A9-45E39F2FFEF6}.Release|x86.Build.0 = Release|Any CPU
		{9FFED15D-00FF-4E77-96A9-45E39F2FFEF6}.Release|x86.Deploy.0 = Release|Any CPU
		{112745A2-BC31-4395-8FA0-BB8ACA3B31F5}.Ad-Hoc|Any CPU.ActiveCfg = Ad-Hoc|iPhone
		{112745A2-BC31-4395-8FA0-BB8ACA3B31F5}.Ad-Hoc|ARM.ActiveCfg = Ad-Hoc|iPhone
		{112745A2-BC31-4395-8FA0-BB8ACA3B31F5}.Ad-Hoc|iPhone.ActiveCfg = Ad-Hoc|iPhone
		{112745A2-BC31-4395-8FA0-BB8ACA3B31F5}.Ad-Hoc|iPhone.Build.0 = Ad-Hoc|iPhone
		{112745A2-BC31-4395-8FA0-BB8ACA3B31F5}.Ad-Hoc|iPhoneSimulator.ActiveCfg = Ad-Hoc|iPhoneSimulator
		{112745A2-BC31-4395-8FA0-BB8ACA3B31F5}.Ad-Hoc|iPhoneSimulator.Build.0 = Ad-Hoc|iPhoneSimulator
		{112745A2-BC31-4395-8FA0-BB8ACA3B31F5}.Ad-Hoc|x64.ActiveCfg = Ad-Hoc|iPhone
		{112745A2-BC31-4395-8FA0-BB8ACA3B31F5}.Ad-Hoc|x86.ActiveCfg = Ad-Hoc|iPhone
		{112745A2-BC31-4395-8FA0-BB8ACA3B31F5}.AppStore|Any CPU.ActiveCfg = AppStore|iPhone
		{112745A2-BC31-4395-8FA0-BB8ACA3B31F5}.AppStore|ARM.ActiveCfg = AppStore|iPhone
		{112745A2-BC31-4395-8FA0-BB8ACA3B31F5}.AppStore|iPhone.ActiveCfg = AppStore|iPhone
		{112745A2-BC31-4395-8FA0-BB8ACA3B31F5}.AppStore|iPhone.Build.0 = AppStore|iPhone
		{112745A2-BC31-4395-8FA0-BB8ACA3B31F5}.AppStore|iPhoneSimulator.ActiveCfg = AppStore|iPhoneSimulator
		{112745A2-BC31-4395-8FA0-BB8ACA3B31F5}.AppStore|iPhoneSimulator.Build.0 = AppStore|iPhoneSimulator
		{112745A2-BC31-4395-8FA0-BB8ACA3B31F5}.AppStore|x64.ActiveCfg = AppStore|iPhone
		{112745A2-BC31-4395-8FA0-BB8ACA3B31F5}.AppStore|x86.ActiveCfg = AppStore|iPhone
		{112745A2-BC31-4395-8FA0-BB8ACA3B31F5}.Debug|Any CPU.ActiveCfg = Debug|iPhone
		{112745A2-BC31-4395-8FA0-BB8ACA3B31F5}.Debug|ARM.ActiveCfg = Debug|iPhone
		{112745A2-BC31-4395-8FA0-BB8ACA3B31F5}.Debug|iPhone.ActiveCfg = Debug|iPhone
		{112745A2-BC31-4395-8FA0-BB8ACA3B31F5}.Debug|iPhone.Build.0 = Debug|iPhone
		{112745A2-BC31-4395-8FA0-BB8ACA3B31F5}.Debug|iPhoneSimulator.ActiveCfg = Debug|iPhoneSimulator
		{112745A2-BC31-4395-8FA0-BB8ACA3B31F5}.Debug|iPhoneSimulator.Build.0 = Debug|iPhoneSimulator
		{112745A2-BC31-4395-8FA0-BB8ACA3B31F5}.Debug|x64.ActiveCfg = Debug|iPhone
		{112745A2-BC31-4395-8FA0-BB8ACA3B31F5}.Debug|x86.ActiveCfg = Debug|iPhone
		{112745A2-BC31-4395-8FA0-BB8ACA3B31F5}.Release|Any CPU.ActiveCfg = Release|iPhone
		{112745A2-BC31-4395-8FA0-BB8ACA3B31F5}.Release|ARM.ActiveCfg = Release|iPhone
		{112745A2-BC31-4395-8FA0-BB8ACA3B31F5}.Release|iPhone.ActiveCfg = Release|iPhone
		{112745A2-BC31-4395-8FA0-BB8ACA3B31F5}.Release|iPhone.Build.0 = Release|iPhone
		{112745A2-BC31-4395-8FA0-BB8ACA3B31F5}.Release|iPhoneSimulator.ActiveCfg = Release|iPhoneSimulator
		{112745A2-BC31-4395-8FA0-BB8ACA3B31F5}.Release|iPhoneSimulator.Build.0 = Release|iPhoneSimulator
		{112745A2-BC31-4395-8FA0-BB8ACA3B31F5}.Release|x64.ActiveCfg = Release|iPhone
		{112745A2-BC31-4395-8FA0-BB8ACA3B31F5}.Release|x86.ActiveCfg = Release|iPhone
		{44A807F0-866A-44AA-A14E-FDC90111474C}.Ad-Hoc|Any CPU.ActiveCfg = Debug|Any CPU
		{44A807F0-866A-44AA-A14E-FDC90111474C}.Ad-Hoc|Any CPU.Build.0 = Debug|Any CPU
		{44A807F0-866A-44AA-A14E-FDC90111474C}.Ad-Hoc|ARM.ActiveCfg = Debug|Any CPU
		{44A807F0-866A-44AA-A14E-FDC90111474C}.Ad-Hoc|ARM.Build.0 = Debug|Any CPU
		{44A807F0-866A-44AA-A14E-FDC90111474C}.Ad-Hoc|iPhone.ActiveCfg = Debug|Any CPU
		{44A807F0-866A-44AA-A14E-FDC90111474C}.Ad-Hoc|iPhone.Build.0 = Debug|Any CPU
		{44A807F0-866A-44AA-A14E-FDC90111474C}.Ad-Hoc|iPhoneSimulator.ActiveCfg = Debug|Any CPU
		{44A807F0-866A-44AA-A14E-FDC90111474C}.Ad-Hoc|iPhoneSimulator.Build.0 = Debug|Any CPU
		{44A807F0-866A-44AA-A14E-FDC90111474C}.Ad-Hoc|x64.ActiveCfg = Debug|Any CPU
		{44A807F0-866A-44AA-A14E-FDC90111474C}.Ad-Hoc|x64.Build.0 = Debug|Any CPU
		{44A807F0-866A-44AA-A14E-FDC90111474C}.Ad-Hoc|x86.ActiveCfg = Debug|Any CPU
		{44A807F0-866A-44AA-A14E-FDC90111474C}.Ad-Hoc|x86.Build.0 = Debug|Any CPU
		{44A807F0-866A-44AA-A14E-FDC90111474C}.AppStore|Any CPU.ActiveCfg = Debug|Any CPU
		{44A807F0-866A-44AA-A14E-FDC90111474C}.AppStore|Any CPU.Build.0 = Debug|Any CPU
		{44A807F0-866A-44AA-A14E-FDC90111474C}.AppStore|ARM.ActiveCfg = Debug|Any CPU
		{44A807F0-866A-44AA-A14E-FDC90111474C}.AppStore|ARM.Build.0 = Debug|Any CPU
		{44A807F0-866A-44AA-A14E-FDC90111474C}.AppStore|iPhone.ActiveCfg = Debug|Any CPU
		{44A807F0-866A-44AA-A14E-FDC90111474C}.AppStore|iPhone.Build.0 = Debug|Any CPU
		{44A807F0-866A-44AA-A14E-FDC90111474C}.AppStore|iPhoneSimulator.ActiveCfg = Debug|Any CPU
		{44A807F0-866A-44AA-A14E-FDC90111474C}.AppStore|iPhoneSimulator.Build.0 = Debug|Any CPU
		{44A807F0-866A-44AA-A14E-FDC90111474C}.AppStore|x64.ActiveCfg = Debug|Any CPU
		{44A807F0-866A-44AA-A14E-FDC90111474C}.AppStore|x64.Build.0 = Debug|Any CPU
		{44A807F0-866A-44AA-A14E-FDC90111474C}.AppStore|x86.ActiveCfg = Debug|Any CPU
		{44A807F0-866A-44AA-A14E-FDC90111474C}.AppStore|x86.Build.0 = Debug|Any CPU
		{44A807F0-866A-44AA-A14E-FDC90111474C}.Debug|Any CPU.ActiveCfg = Debug|Any CPU
		{44A807F0-866A-44AA-A14E-FDC90111474C}.Debug|Any CPU.Build.0 = Debug|Any CPU
		{44A807F0-866A-44AA-A14E-FDC90111474C}.Debug|ARM.ActiveCfg = Debug|Any CPU
		{44A807F0-866A-44AA-A14E-FDC90111474C}.Debug|ARM.Build.0 = Debug|Any CPU
		{44A807F0-866A-44AA-A14E-FDC90111474C}.Debug|iPhone.ActiveCfg = Debug|Any CPU
		{44A807F0-866A-44AA-A14E-FDC90111474C}.Debug|iPhone.Build.0 = Debug|Any CPU
		{44A807F0-866A-44AA-A14E-FDC90111474C}.Debug|iPhoneSimulator.ActiveCfg = Debug|Any CPU
		{44A807F0-866A-44AA-A14E-FDC90111474C}.Debug|iPhoneSimulator.Build.0 = Debug|Any CPU
		{44A807F0-866A-44AA-A14E-FDC90111474C}.Debug|x64.ActiveCfg = Debug|Any CPU
		{44A807F0-866A-44AA-A14E-FDC90111474C}.Debug|x64.Build.0 = Debug|Any CPU
		{44A807F0-866A-44AA-A14E-FDC90111474C}.Debug|x86.ActiveCfg = Debug|Any CPU
		{44A807F0-866A-44AA-A14E-FDC90111474C}.Debug|x86.Build.0 = Debug|Any CPU
		{44A807F0-866A-44AA-A14E-FDC90111474C}.Release|Any CPU.ActiveCfg = Release|Any CPU
		{44A807F0-866A-44AA-A14E-FDC90111474C}.Release|Any CPU.Build.0 = Release|Any CPU
		{44A807F0-866A-44AA-A14E-FDC90111474C}.Release|ARM.ActiveCfg = Release|Any CPU
		{44A807F0-866A-44AA-A14E-FDC90111474C}.Release|ARM.Build.0 = Release|Any CPU
		{44A807F0-866A-44AA-A14E-FDC90111474C}.Release|iPhone.ActiveCfg = Release|Any CPU
		{44A807F0-866A-44AA-A14E-FDC90111474C}.Release|iPhone.Build.0 = Release|Any CPU
		{44A807F0-866A-44AA-A14E-FDC90111474C}.Release|iPhoneSimulator.ActiveCfg = Release|Any CPU
		{44A807F0-866A-44AA-A14E-FDC90111474C}.Release|iPhoneSimulator.Build.0 = Release|Any CPU
		{44A807F0-866A-44AA-A14E-FDC90111474C}.Release|x64.ActiveCfg = Release|Any CPU
		{44A807F0-866A-44AA-A14E-FDC90111474C}.Release|x64.Build.0 = Release|Any CPU
		{44A807F0-866A-44AA-A14E-FDC90111474C}.Release|x86.ActiveCfg = Release|Any CPU
		{44A807F0-866A-44AA-A14E-FDC90111474C}.Release|x86.Build.0 = Release|Any CPU
		{2868B9FE-E453-4CDA-92D0-CF7E6811013F}.Ad-Hoc|Any CPU.ActiveCfg = Debug|Any CPU
		{2868B9FE-E453-4CDA-92D0-CF7E6811013F}.Ad-Hoc|Any CPU.Build.0 = Debug|Any CPU
		{2868B9FE-E453-4CDA-92D0-CF7E6811013F}.Ad-Hoc|ARM.ActiveCfg = Debug|Any CPU
		{2868B9FE-E453-4CDA-92D0-CF7E6811013F}.Ad-Hoc|ARM.Build.0 = Debug|Any CPU
		{2868B9FE-E453-4CDA-92D0-CF7E6811013F}.Ad-Hoc|iPhone.ActiveCfg = Debug|Any CPU
		{2868B9FE-E453-4CDA-92D0-CF7E6811013F}.Ad-Hoc|iPhone.Build.0 = Debug|Any CPU
		{2868B9FE-E453-4CDA-92D0-CF7E6811013F}.Ad-Hoc|iPhoneSimulator.ActiveCfg = Debug|Any CPU
		{2868B9FE-E453-4CDA-92D0-CF7E6811013F}.Ad-Hoc|iPhoneSimulator.Build.0 = Debug|Any CPU
		{2868B9FE-E453-4CDA-92D0-CF7E6811013F}.Ad-Hoc|x64.ActiveCfg = Debug|Any CPU
		{2868B9FE-E453-4CDA-92D0-CF7E6811013F}.Ad-Hoc|x64.Build.0 = Debug|Any CPU
		{2868B9FE-E453-4CDA-92D0-CF7E6811013F}.Ad-Hoc|x86.ActiveCfg = Debug|Any CPU
		{2868B9FE-E453-4CDA-92D0-CF7E6811013F}.Ad-Hoc|x86.Build.0 = Debug|Any CPU
		{2868B9FE-E453-4CDA-92D0-CF7E6811013F}.AppStore|Any CPU.ActiveCfg = Debug|Any CPU
		{2868B9FE-E453-4CDA-92D0-CF7E6811013F}.AppStore|Any CPU.Build.0 = Debug|Any CPU
		{2868B9FE-E453-4CDA-92D0-CF7E6811013F}.AppStore|ARM.ActiveCfg = Debug|Any CPU
		{2868B9FE-E453-4CDA-92D0-CF7E6811013F}.AppStore|ARM.Build.0 = Debug|Any CPU
		{2868B9FE-E453-4CDA-92D0-CF7E6811013F}.AppStore|iPhone.ActiveCfg = Debug|Any CPU
		{2868B9FE-E453-4CDA-92D0-CF7E6811013F}.AppStore|iPhone.Build.0 = Debug|Any CPU
		{2868B9FE-E453-4CDA-92D0-CF7E6811013F}.AppStore|iPhoneSimulator.ActiveCfg = Debug|Any CPU
		{2868B9FE-E453-4CDA-92D0-CF7E6811013F}.AppStore|iPhoneSimulator.Build.0 = Debug|Any CPU
		{2868B9FE-E453-4CDA-92D0-CF7E6811013F}.AppStore|x64.ActiveCfg = Debug|Any CPU
		{2868B9FE-E453-4CDA-92D0-CF7E6811013F}.AppStore|x64.Build.0 = Debug|Any CPU
		{2868B9FE-E453-4CDA-92D0-CF7E6811013F}.AppStore|x86.ActiveCfg = Debug|Any CPU
		{2868B9FE-E453-4CDA-92D0-CF7E6811013F}.AppStore|x86.Build.0 = Debug|Any CPU
		{2868B9FE-E453-4CDA-92D0-CF7E6811013F}.Debug|Any CPU.ActiveCfg = Debug|Any CPU
		{2868B9FE-E453-4CDA-92D0-CF7E6811013F}.Debug|Any CPU.Build.0 = Debug|Any CPU
		{2868B9FE-E453-4CDA-92D0-CF7E6811013F}.Debug|ARM.ActiveCfg = Debug|Any CPU
		{2868B9FE-E453-4CDA-92D0-CF7E6811013F}.Debug|ARM.Build.0 = Debug|Any CPU
		{2868B9FE-E453-4CDA-92D0-CF7E6811013F}.Debug|iPhone.ActiveCfg = Debug|Any CPU
		{2868B9FE-E453-4CDA-92D0-CF7E6811013F}.Debug|iPhone.Build.0 = Debug|Any CPU
		{2868B9FE-E453-4CDA-92D0-CF7E6811013F}.Debug|iPhoneSimulator.ActiveCfg = Debug|Any CPU
		{2868B9FE-E453-4CDA-92D0-CF7E6811013F}.Debug|iPhoneSimulator.Build.0 = Debug|Any CPU
		{2868B9FE-E453-4CDA-92D0-CF7E6811013F}.Debug|x64.ActiveCfg = Debug|Any CPU
		{2868B9FE-E453-4CDA-92D0-CF7E6811013F}.Debug|x64.Build.0 = Debug|Any CPU
		{2868B9FE-E453-4CDA-92D0-CF7E6811013F}.Debug|x86.ActiveCfg = Debug|Any CPU
		{2868B9FE-E453-4CDA-92D0-CF7E6811013F}.Debug|x86.Build.0 = Debug|Any CPU
		{2868B9FE-E453-4CDA-92D0-CF7E6811013F}.Release|Any CPU.ActiveCfg = Release|Any CPU
		{2868B9FE-E453-4CDA-92D0-CF7E6811013F}.Release|Any CPU.Build.0 = Release|Any CPU
		{2868B9FE-E453-4CDA-92D0-CF7E6811013F}.Release|ARM.ActiveCfg = Release|Any CPU
		{2868B9FE-E453-4CDA-92D0-CF7E6811013F}.Release|ARM.Build.0 = Release|Any CPU
		{2868B9FE-E453-4CDA-92D0-CF7E6811013F}.Release|iPhone.ActiveCfg = Release|Any CPU
		{2868B9FE-E453-4CDA-92D0-CF7E6811013F}.Release|iPhone.Build.0 = Release|Any CPU
		{2868B9FE-E453-4CDA-92D0-CF7E6811013F}.Release|iPhoneSimulator.ActiveCfg = Release|Any CPU
		{2868B9FE-E453-4CDA-92D0-CF7E6811013F}.Release|iPhoneSimulator.Build.0 = Release|Any CPU
		{2868B9FE-E453-4CDA-92D0-CF7E6811013F}.Release|x64.ActiveCfg = Release|Any CPU
		{2868B9FE-E453-4CDA-92D0-CF7E6811013F}.Release|x64.Build.0 = Release|Any CPU
		{2868B9FE-E453-4CDA-92D0-CF7E6811013F}.Release|x86.ActiveCfg = Release|Any CPU
		{2868B9FE-E453-4CDA-92D0-CF7E6811013F}.Release|x86.Build.0 = Release|Any CPU
		{04668EB2-BDEE-4E65-B56B-A1EE92CFFE3D}.Ad-Hoc|Any CPU.ActiveCfg = Release|Any CPU
		{04668EB2-BDEE-4E65-B56B-A1EE92CFFE3D}.Ad-Hoc|Any CPU.Build.0 = Release|Any CPU
		{04668EB2-BDEE-4E65-B56B-A1EE92CFFE3D}.Ad-Hoc|ARM.ActiveCfg = Release|Any CPU
		{04668EB2-BDEE-4E65-B56B-A1EE92CFFE3D}.Ad-Hoc|ARM.Build.0 = Release|Any CPU
		{04668EB2-BDEE-4E65-B56B-A1EE92CFFE3D}.Ad-Hoc|iPhone.ActiveCfg = Release|Any CPU
		{04668EB2-BDEE-4E65-B56B-A1EE92CFFE3D}.Ad-Hoc|iPhone.Build.0 = Release|Any CPU
		{04668EB2-BDEE-4E65-B56B-A1EE92CFFE3D}.Ad-Hoc|iPhoneSimulator.ActiveCfg = Release|Any CPU
		{04668EB2-BDEE-4E65-B56B-A1EE92CFFE3D}.Ad-Hoc|iPhoneSimulator.Build.0 = Release|Any CPU
		{04668EB2-BDEE-4E65-B56B-A1EE92CFFE3D}.Ad-Hoc|x64.ActiveCfg = Release|Any CPU
		{04668EB2-BDEE-4E65-B56B-A1EE92CFFE3D}.Ad-Hoc|x64.Build.0 = Release|Any CPU
		{04668EB2-BDEE-4E65-B56B-A1EE92CFFE3D}.Ad-Hoc|x86.ActiveCfg = Release|Any CPU
		{04668EB2-BDEE-4E65-B56B-A1EE92CFFE3D}.Ad-Hoc|x86.Build.0 = Release|Any CPU
		{04668EB2-BDEE-4E65-B56B-A1EE92CFFE3D}.AppStore|Any CPU.ActiveCfg = Release|Any CPU
		{04668EB2-BDEE-4E65-B56B-A1EE92CFFE3D}.AppStore|Any CPU.Build.0 = Release|Any CPU
		{04668EB2-BDEE-4E65-B56B-A1EE92CFFE3D}.AppStore|ARM.ActiveCfg = Release|Any CPU
		{04668EB2-BDEE-4E65-B56B-A1EE92CFFE3D}.AppStore|ARM.Build.0 = Release|Any CPU
		{04668EB2-BDEE-4E65-B56B-A1EE92CFFE3D}.AppStore|iPhone.ActiveCfg = Release|Any CPU
		{04668EB2-BDEE-4E65-B56B-A1EE92CFFE3D}.AppStore|iPhone.Build.0 = Release|Any CPU
		{04668EB2-BDEE-4E65-B56B-A1EE92CFFE3D}.AppStore|iPhoneSimulator.ActiveCfg = Release|Any CPU
		{04668EB2-BDEE-4E65-B56B-A1EE92CFFE3D}.AppStore|iPhoneSimulator.Build.0 = Release|Any CPU
		{04668EB2-BDEE-4E65-B56B-A1EE92CFFE3D}.AppStore|x64.ActiveCfg = Release|Any CPU
		{04668EB2-BDEE-4E65-B56B-A1EE92CFFE3D}.AppStore|x64.Build.0 = Release|Any CPU
		{04668EB2-BDEE-4E65-B56B-A1EE92CFFE3D}.AppStore|x86.ActiveCfg = Release|Any CPU
		{04668EB2-BDEE-4E65-B56B-A1EE92CFFE3D}.AppStore|x86.Build.0 = Release|Any CPU
		{04668EB2-BDEE-4E65-B56B-A1EE92CFFE3D}.Debug|Any CPU.ActiveCfg = Debug|Any CPU
		{04668EB2-BDEE-4E65-B56B-A1EE92CFFE3D}.Debug|Any CPU.Build.0 = Debug|Any CPU
		{04668EB2-BDEE-4E65-B56B-A1EE92CFFE3D}.Debug|ARM.ActiveCfg = Debug|Any CPU
		{04668EB2-BDEE-4E65-B56B-A1EE92CFFE3D}.Debug|ARM.Build.0 = Debug|Any CPU
		{04668EB2-BDEE-4E65-B56B-A1EE92CFFE3D}.Debug|iPhone.ActiveCfg = Debug|Any CPU
		{04668EB2-BDEE-4E65-B56B-A1EE92CFFE3D}.Debug|iPhone.Build.0 = Debug|Any CPU
		{04668EB2-BDEE-4E65-B56B-A1EE92CFFE3D}.Debug|iPhoneSimulator.ActiveCfg = Debug|Any CPU
		{04668EB2-BDEE-4E65-B56B-A1EE92CFFE3D}.Debug|iPhoneSimulator.Build.0 = Debug|Any CPU
		{04668EB2-BDEE-4E65-B56B-A1EE92CFFE3D}.Debug|x64.ActiveCfg = Debug|Any CPU
		{04668EB2-BDEE-4E65-B56B-A1EE92CFFE3D}.Debug|x64.Build.0 = Debug|Any CPU
		{04668EB2-BDEE-4E65-B56B-A1EE92CFFE3D}.Debug|x86.ActiveCfg = Debug|Any CPU
		{04668EB2-BDEE-4E65-B56B-A1EE92CFFE3D}.Debug|x86.Build.0 = Debug|Any CPU
		{04668EB2-BDEE-4E65-B56B-A1EE92CFFE3D}.Release|Any CPU.ActiveCfg = Release|Any CPU
		{04668EB2-BDEE-4E65-B56B-A1EE92CFFE3D}.Release|Any CPU.Build.0 = Release|Any CPU
		{04668EB2-BDEE-4E65-B56B-A1EE92CFFE3D}.Release|ARM.ActiveCfg = Release|Any CPU
		{04668EB2-BDEE-4E65-B56B-A1EE92CFFE3D}.Release|ARM.Build.0 = Release|Any CPU
		{04668EB2-BDEE-4E65-B56B-A1EE92CFFE3D}.Release|iPhone.ActiveCfg = Release|Any CPU
		{04668EB2-BDEE-4E65-B56B-A1EE92CFFE3D}.Release|iPhone.Build.0 = Release|Any CPU
		{04668EB2-BDEE-4E65-B56B-A1EE92CFFE3D}.Release|iPhoneSimulator.ActiveCfg = Release|Any CPU
		{04668EB2-BDEE-4E65-B56B-A1EE92CFFE3D}.Release|iPhoneSimulator.Build.0 = Release|Any CPU
		{04668EB2-BDEE-4E65-B56B-A1EE92CFFE3D}.Release|x64.ActiveCfg = Release|Any CPU
		{04668EB2-BDEE-4E65-B56B-A1EE92CFFE3D}.Release|x64.Build.0 = Release|Any CPU
		{04668EB2-BDEE-4E65-B56B-A1EE92CFFE3D}.Release|x86.ActiveCfg = Release|Any CPU
		{04668EB2-BDEE-4E65-B56B-A1EE92CFFE3D}.Release|x86.Build.0 = Release|Any CPU
	EndGlobalSection
	GlobalSection(SolutionProperties) = preSolution
		HideSolutionNode = FALSE
	EndGlobalSection
	GlobalSection(NestedProjects) = preSolution
		{C94274B6-34CF-4CA5-AA1D-DBF93F67E6DD} = {229FF06B-B128-4E3A-B1C2-CF87CCCA21F8}
		{9FFED15D-00FF-4E77-96A9-45E39F2FFEF6} = {229FF06B-B128-4E3A-B1C2-CF87CCCA21F8}
		{112745A2-BC31-4395-8FA0-BB8ACA3B31F5} = {229FF06B-B128-4E3A-B1C2-CF87CCCA21F8}
		{44A807F0-866A-44AA-A14E-FDC90111474C} = {2E2CBAED-8AA9-4BE4-8215-4F266601843F}
		{2868B9FE-E453-4CDA-92D0-CF7E6811013F} = {D257589D-40A6-4CB6-89BD-78FBCCE9E308}
		{04668EB2-BDEE-4E65-B56B-A1EE92CFFE3D} = {D257589D-40A6-4CB6-89BD-78FBCCE9E308}
	EndGlobalSection
	GlobalSection(ExtensibilityGlobals) = postSolution
		SolutionGuid = {CF5ED71C-A2F6-4D0B-816A-A17721B77BEF}
	EndGlobalSection
EndGlobal
